<Solution>
  <Folder Name="/src/">
    <Project Path="src/Abacus.Run/Abacus.Run.csproj" />
    <Project Path="src/Abacus.Run.Service/Abacus.Run.Service.csproj" />
  </Folder>
  <Folder Name="/tests/">
    <Project Path="tests/Abacus.Run.IntegrationTests/Abacus.Run.IntegrationTests.csproj" />
    <Project Path="tests/Abacus.Run.UnitTests/Abacus.Run.UnitTests.csproj" />
    <Project Path="tests/Abacus.Run.ChaosTests/Abacus.Run.ChaosTests.csproj" />
    <Project Path="tests/Abacus.Run.LoadTests/Abacus.Run.LoadTests.csproj" />
  </Folder>
</Solution>
